<?xml version="1.0" encoding="utf-8"?>
<Project ToolsVersion="4.0" xmlns="http://schemas.microsoft.com/developer/msbuild/2003">
  <ItemGroup>
    <Filter Include="Source Files">
      <UniqueIdentifier>{58f3a727-8f54-4fd6-a5bc-f0b6f6d8bc6d}</UniqueIdentifier>
      <Extensions>cpp;c;cc;cxx;def;odl;idl;hpj;bat;asm;asmx</Extensions>
    </Filter>
    <Filter Include="Header Files">
      <UniqueIdentifier>{8b00b740-712b-4283-8a5d-19fffae60356}</UniqueIdentifier>
      <Extensions>h;hh;hpp;hxx;hm;inl;inc;xsd</Extensions>
    </Filter>
    <Filter Include="Resource Files">
      <UniqueIdentifier>{5929ce30-72f2-46b1-8c93-0b809ccfeb4d}</UniqueIdentifier>
      <Extensions>rc;ico;cur;bmp;dlg;rc2;rct;bin;rgs;gif;jpg;jpeg;jpe;res;resx;tiff;tif;png;wav;mfcribbon-ms</Extensions>
    </Filter>
  </ItemGroup>
  <ItemGroup>
    <ClInclude Include="123456sys.h">
      <Filter>Header Files</Filter>
    </ClInclude>
  </ItemGroup>
  <ItemGroup>
    <ClCompile Include="123456dpl.c">
      <Filter>Source Files</Filter>
    </ClCompile>
    <ClCompile Include="123456reg.c">
      <Filter>Source Files</Filter>
    </ClCompile>
    <ClCompile Include="123456sim.c">
      <Filter>Source Files</Filter>
    </ClCompile>
    <ClCompile Include="123456tab.c">
      <Filter>Source Files</Filter>
    </ClCompile>
    <ClCompile Include="123456prio.c">
      <Filter>Source Files</Filter>
    </ClCompile>
  </ItemGroup>
  <ItemGroup>
    <Resource Include="C:\CCOL110\WIN32\RES\ccolvissim_e.res">
      <Filter>Resource Files</Filter>
    </Resource>
  </ItemGroup>
</Project>
