<?xml version="1.0" encoding="utf-8"?>
<Project ToolsVersion="4.0" xmlns="http://schemas.microsoft.com/developer/msbuild/2003">
  <ItemGroup>
    <Filter Include="Source Files">
      <UniqueIdentifier>{233c3c60-cfdb-4ddf-8bc7-6633bcb56090}</UniqueIdentifier>
      <Extensions>cpp;c;cc;cxx;def;odl;idl;hpj;bat;asm;asmx</Extensions>
    </Filter>
    <Filter Include="Header Files">
      <UniqueIdentifier>{4b68291b-0cc0-4214-8ce7-9b5929432e64}</UniqueIdentifier>
      <Extensions>h;hh;hpp;hxx;hm;inl;inc;xsd</Extensions>
    </Filter>
    <Filter Include="Resource Files">
      <UniqueIdentifier>{4b72e066-2c15-4239-b7ef-6e9646d83b3a}</UniqueIdentifier>
      <Extensions>rc;ico;cur;bmp;dlg;rc2;rct;bin;rgs;gif;jpg;jpeg;jpe;res;resx;tiff;tif;png;wav;mfcribbon-ms</Extensions>
    </Filter>
  </ItemGroup>
  <ItemGroup>
    <ClInclude Include="123456sys.h">
      <Filter>Header Files</Filter>
    </ClInclude>
  </ItemGroup>
  <ItemGroup>
    <ClCompile Include="123456dpl.c">
      <Filter>Source Files</Filter>
    </ClCompile>
    <ClCompile Include="123456reg.c">
      <Filter>Source Files</Filter>
    </ClCompile>
    <ClCompile Include="123456sim.c">
      <Filter>Source Files</Filter>
    </ClCompile>
    <ClCompile Include="123456tab.c">
      <Filter>Source Files</Filter>
    </ClCompile>
    <ClCompile Include="123456prio.c">
      <Filter>Source Files</Filter>
    </ClCompile>
  </ItemGroup>
  <ItemGroup>
    <Resource Include="C:\CCOL120\WIN32\RES\ccolvissim_e.res">
      <Filter>Resource Files</Filter>
    </Resource>
  </ItemGroup>
</Project>
