<?xml version="1.0" encoding="utf-8"?>
<Project ToolsVersion="4.0" xmlns="http://schemas.microsoft.com/developer/msbuild/2003">
  <ItemGroup>
    <Filter Include="Source Files">
      <UniqueIdentifier>{1eed05c8-4aee-4fb0-98e3-82e1d97c3784}</UniqueIdentifier>
      <Extensions>cpp;c;cc;cxx;def;odl;idl;hpj;bat;asm;asmx</Extensions>
    </Filter>
    <Filter Include="Header Files">
      <UniqueIdentifier>{a381e7a1-0a61-464b-8c61-5eae3b95b221}</UniqueIdentifier>
      <Extensions>h;hh;hpp;hxx;hm;inl;inc;xsd</Extensions>
    </Filter>
    <Filter Include="Resource Files">
      <UniqueIdentifier>{3a3540a6-3db9-46ef-993a-8931fc8fb8d6}</UniqueIdentifier>
      <Extensions>rc;ico;cur;bmp;dlg;rc2;rct;bin;rgs;gif;jpg;jpeg;jpe;res;resx;tiff;tif;png;wav;mfcribbon-ms</Extensions>
    </Filter>
  </ItemGroup>
  <ItemGroup>
    <ClInclude Include="123456sys.h">
      <Filter>Header Files</Filter>
    </ClInclude>
  </ItemGroup>
  <ItemGroup>
    <ClCompile Include="123456dpl.c">
      <Filter>Source Files</Filter>
    </ClCompile>
    <ClCompile Include="123456reg.c">
      <Filter>Source Files</Filter>
    </ClCompile>
    <ClCompile Include="123456sim.c">
      <Filter>Source Files</Filter>
    </ClCompile>
    <ClCompile Include="123456tab.c">
      <Filter>Source Files</Filter>
    </ClCompile>
    <ClCompile Include="123456prio.c">
      <Filter>Source Files</Filter>
    </ClCompile>
  </ItemGroup>
  <ItemGroup>
    <Resource Include="C:\CCOL120\WIN32\RES\ccolvissim_e.res">
      <Filter>Resource Files</Filter>
    </Resource>
  </ItemGroup>
</Project>
