<?xml version="1.0" encoding="utf-8"?>
<Project ToolsVersion="4.0" xmlns="http://schemas.microsoft.com/developer/msbuild/2003">
  <ItemGroup>
    <Filter Include="Source Files">
      <UniqueIdentifier>{1d696797-7b6f-4d19-8a06-53c1aa632a5e}</UniqueIdentifier>
      <Extensions>cpp;c;cc;cxx;def;odl;idl;hpj;bat;asm;asmx</Extensions>
    </Filter>
    <Filter Include="Header Files">
      <UniqueIdentifier>{78334df7-1568-4127-86ec-e4a4956ba731}</UniqueIdentifier>
      <Extensions>h;hh;hpp;hxx;hm;inl;inc;xsd</Extensions>
    </Filter>
    <Filter Include="Resource Files">
      <UniqueIdentifier>{73cc56a9-341b-4331-b5e2-ccf741e540e3}</UniqueIdentifier>
      <Extensions>rc;ico;cur;bmp;dlg;rc2;rct;bin;rgs;gif;jpg;jpeg;jpe;res;resx;tiff;tif;png;wav;mfcribbon-ms</Extensions>
    </Filter>
  </ItemGroup>
  <ItemGroup>
    <ClInclude Include="123456sys.h">
      <Filter>Header Files</Filter>
    </ClInclude>
  </ItemGroup>
  <ItemGroup>
    <ClCompile Include="123456dpl.c">
      <Filter>Source Files</Filter>
    </ClCompile>
    <ClCompile Include="123456reg.c">
      <Filter>Source Files</Filter>
    </ClCompile>
    <ClCompile Include="123456sim.c">
      <Filter>Source Files</Filter>
    </ClCompile>
    <ClCompile Include="123456tab.c">
      <Filter>Source Files</Filter>
    </ClCompile>
    <ClCompile Include="123456prio.c">
      <Filter>Source Files</Filter>
    </ClCompile>
  </ItemGroup>
  <ItemGroup>
    <Resource Include="C:\Personal Applications\CCOL110\WIN32\RES\ccolvissim_e.res">
      <Filter>Resource Files</Filter>
    </Resource>
  </ItemGroup>
</Project>
